lockfileVersion: '9.0'

settings:
  autoInstallPeers: true
  excludeLinksFromLockfile: false

importers:

  .:
    devDependencies:
      turbo:
        specifier: 2.9.19-canary.9
        version: 2.9.19-canary.9

  apps/demo:
    dependencies:
      '@repro/framework':
        specifier: workspace:*
        version: link:../../packages/framework

  packages/framework: {}

packages:

  '@turbo/darwin-64@2.9.19-canary.9':
    resolution: {integrity: sha512-2WNVYbuuaWzkp3zGWVVc3dw3T3XLSwWa9lU/R+loR+6Ifpw6JJpg++Xf+ElV01lbv0OUyr1UHXjbLzforQbMpw==}
    cpu: [x64]
    os: [darwin]

  '@turbo/darwin-arm64@2.9.19-canary.9':
    resolution: {integrity: sha512-e4YMssqSBtIYCD2I91RsBlEoaiY7lgHOAR1Op3lCz88QsU0pFZ9mTa9fVxF9In4glb4oIgSRvgj0loicmsH+ig==}
    cpu: [arm64]
    os: [darwin]

  '@turbo/linux-64@2.9.19-canary.9':
    resolution: {integrity: sha512-VNKDPKj3coSH/hOYZxcwJDTz7XK2mGhl3xAnaKPS3zH5omQirHk9UjncTgCoCl2hZurZXMJVIyl39vyrzfBK5w==}
    cpu: [x64]
    os: [linux]

  '@turbo/linux-arm64@2.9.19-canary.9':
    resolution: {integrity: sha512-CALC2CxvDd/wu58d4te4RVdUcl7Hh+rz/aw/rRHLPRGP4JeWpZSwbXVY5ig8LVpL7eQidXB1eReYelqdmVpX9A==}
    cpu: [arm64]
    os: [linux]

  '@turbo/windows-64@2.9.19-canary.9':
    resolution: {integrity: sha512-Cjxs5YKbUDWTxiPDn5gStUMzrGLWFIW5ACenU362H/dbRNIhNIv/EQhSqmL91NnRvwu3YdrRj25LL6u1zWZECQ==}
    cpu: [x64]
    os: [win32]

  '@turbo/windows-arm64@2.9.19-canary.9':
    resolution: {integrity: sha512-M5QXi1GP6/bp66+QX3Vhzf/PcwQ6sr5CmB+zbczp4k/IGATGbUXuAyL5AkYcnBAJ3X2sY9l8m9/yNGYGVhD4WQ==}
    cpu: [arm64]
    os: [win32]

  turbo@2.9.19-canary.9:
    resolution: {integrity: sha512-5m0SWcTfgAeptKxnZs9PVwzUY9ult/sY7VnW8RX+cQ1/uN0fBPKJ0pFUosqXmstD7MZ0ZviNWhO/LkCSgbwulw==}
    hasBin: true

snapshots:

  '@turbo/darwin-64@2.9.19-canary.9':
    optional: true

  '@turbo/darwin-arm64@2.9.19-canary.9':
    optional: true

  '@turbo/linux-64@2.9.19-canary.9':
    optional: true

  '@turbo/linux-arm64@2.9.19-canary.9':
    optional: true

  '@turbo/windows-64@2.9.19-canary.9':
    optional: true

  '@turbo/windows-arm64@2.9.19-canary.9':
    optional: true

  turbo@2.9.19-canary.9:
    optionalDependencies:
      '@turbo/darwin-64': 2.9.19-canary.9
      '@turbo/darwin-arm64': 2.9.19-canary.9
      '@turbo/linux-64': 2.9.19-canary.9
      '@turbo/linux-arm64': 2.9.19-canary.9
      '@turbo/windows-64': 2.9.19-canary.9
      '@turbo/windows-arm64': 2.9.19-canary.9
